
Microsoft Visual Studio Solution File, Format Version 12.00
# Visual Studio Version 17
VisualStudioVersion = 17.14.36301.6 d17.14
MinimumVisualStudioVersion = 10.0.40219.1
Project("{54A90642-561A-4BB1-A94E-469ADEE60C69}") = "cpe106.client", "cpe106.client\cpe106.client.esproj", "{CECF7ECC-0C98-74B0-5035-40840EEFB0CB}"
EndProject
Project("{FAE04EC0-301F-11D3-BF4B-00C04F79EFBC}") = "CPE106.Server", "CPE106.Server\CPE106.Server.csproj", "{C97D0BA1-E642-4E22-8E1B-DA14C86F9338}"
EndProject
Global
	GlobalSection(SolutionConfigurationPlatforms) = preSolution
		Debug|Any CPU = Debug|Any CPU
		Release|Any CPU = Release|Any CPU
	EndGlobalSection
	GlobalSection(ProjectConfigurationPlatforms) = postSolution
		{CECF7ECC-0C98-74B0-5035-40840EEFB0CB}.Debug|Any CPU.ActiveCfg = Debug|Any CPU
		{CECF7ECC-0C98-74B0-5035-40840EEFB0CB}.Debug|Any CPU.Build.0 = Debug|Any CPU
		{CECF7ECC-0C98-74B0-5035-40840EEFB0CB}.Debug|Any CPU.Deploy.0 = Debug|Any CPU
		{CECF7ECC-0C98-74B0-5035-40840EEFB0CB}.Release|Any CPU.ActiveCfg = Release|Any CPU
		{CECF7ECC-0C98-74B0-5035-40840EEFB0CB}.Release|Any CPU.Build.0 = Release|Any CPU
		{CECF7ECC-0C98-74B0-5035-40840EEFB0CB}.Release|Any CPU.Deploy.0 = Release|Any CPU
		{C97D0BA1-E642-4E22-8E1B-DA14C86F9338}.Debug|Any CPU.ActiveCfg = Debug|Any CPU
		{C97D0BA1-E642-4E22-8E1B-DA14C86F9338}.Debug|Any CPU.Build.0 = Debug|Any CPU
		{C97D0BA1-E642-4E22-8E1B-DA14C86F9338}.Release|Any CPU.ActiveCfg = Release|Any CPU
		{C97D0BA1-E642-4E22-8E1B-DA14C86F9338}.Release|Any CPU.Build.0 = Release|Any CPU
	EndGlobalSection
	GlobalSection(SolutionProperties) = preSolution
		HideSolutionNode = FALSE
	EndGlobalSection
	GlobalSection(ExtensibilityGlobals) = postSolution
		SolutionGuid = {F2D6E994-8BAD-416F-8B9F-98304CBBE579}
	EndGlobalSection
EndGlobal
